{
  "name": "typo3-tify",
  "version": "0.31.0",
  "lockfileVersion": 3,
  "requires": true,
  "packages": {
    "": {
      "name": "typo3-tify",
      "version": "0.31.0",
      "license": "AGPL-3.0",
      "dependencies": {
        "tify": "^0.31"
      }
    },
    "node_modules/tify": {
      "version": "0.31.0",
      "resolved": "https://registry.npmjs.org/tify/-/tify-0.31.0.tgz",
      "integrity": "sha512-HThe87eS9BB1V3Dsl7HyFD8R/9mOVg9o3Zc3ulH6f/AMO4ZNocLlyrEuIXc5XEu1JBlJheuthK3hOzSK5/d5cQ==",
      "hasInstallScript": true,
      "license": "AGPL-3.0",
      "engines": {
        "node": ">= 18",
        "npm": ">= 9"
      }
    }
  }
}
