{
    "name": "typo3-tify",
    "version": "0.1.0",
    "lockfileVersion": 2,
    "requires": true,
    "packages": {
        "": {
            "name": "typo3-tify",
            "version": "0.1.0",
            "license": "AGPL-3.0",
            "dependencies": {
                "tify": "0.23"
            }
        },
        "node_modules/tify": {
            "version": "0.23.1",
            "resolved": "https://registry.npmjs.org/tify/-/tify-0.23.1.tgz",
            "integrity": "sha512-ec4nkTDOU0ztbsH36nI8Uhafqa6NV49sK+MOV/u/Dxc/icw/jDgofwMNkUmma3QvZ2r4Pw1/k4H2WYX1bAOsZQ==",
            "engines": {
                "node": ">= 8.9.0",
                "npm": ">= 5.5.1"
            }
        }
    },
    "dependencies": {
        "tify": {
            "version": "0.23.1",
            "resolved": "https://registry.npmjs.org/tify/-/tify-0.23.1.tgz",
            "integrity": "sha512-ec4nkTDOU0ztbsH36nI8Uhafqa6NV49sK+MOV/u/Dxc/icw/jDgofwMNkUmma3QvZ2r4Pw1/k4H2WYX1bAOsZQ=="
        }
    }
}
