{
  "name": "typo3-tify",
  "version": "0.34.0",
  "lockfileVersion": 3,
  "requires": true,
  "packages": {
    "": {
      "name": "typo3-tify",
      "version": "0.34.0",
      "license": "AGPL-3.0",
      "dependencies": {
        "tify": "^0.34"
      }
    },
    "node_modules/tify": {
      "version": "0.34.5",
      "resolved": "https://registry.npmjs.org/tify/-/tify-0.34.5.tgz",
      "integrity": "sha512-zBpvTypaR0ll8tLhkfnCeavtn/08PUtUR92JoWyCmu4OJi161XTfRsMfEimJ5bnjxhzjOWINcgKeXkPM44dZUA==",
      "hasInstallScript": true,
      "license": "AGPL-3.0",
      "engines": {
        "node": ">= 20",
        "npm": ">= 9"
      }
    }
  }
}
