# THIS IS AN AUTOGENERATED FILE. DO NOT EDIT THIS FILE DIRECTLY.
# yarn lockfile v1


axios@^0.17.1:
  version "0.17.1"
  resolved "https://registry.yarnpkg.com/axios/-/axios-0.17.1.tgz#2d8e3e5d0bdbd7327f91bc814f5c57660f81824d"
  integrity sha1-LY4+XQvb1zJ/kbyBT1xXZg+Bgk0=
  dependencies:
    follow-redirects "^1.2.5"
    is-buffer "^1.1.5"

debug@^3.2.6:
  version "3.2.6"
  resolved "https://registry.yarnpkg.com/debug/-/debug-3.2.6.tgz#e83d17de16d8a7efb7717edbe5fb10135eee629b"
  integrity sha512-mel+jf7nrtEl5Pn1Qx46zARXKDpBbvzezse7p7LqINmdoIk8PYP5SySaxEmYv6TZ0JyEKA1hsCId6DIhgITtWQ==
  dependencies:
    ms "^2.1.1"

follow-redirects@^1.2.5:
  version "1.7.0"
  resolved "https://registry.yarnpkg.com/follow-redirects/-/follow-redirects-1.7.0.tgz#489ebc198dc0e7f64167bd23b03c4c19b5784c76"
  integrity sha512-m/pZQy4Gj287eNy94nivy5wchN3Kp+Q5WgUPNy5lJSZ3sgkVKSYV/ZChMAQVIgx1SqfZ2zBZtPA2YlXIWxxJOQ==
  dependencies:
    debug "^3.2.6"

is-buffer@^1.1.5:
  version "1.1.6"
  resolved "https://registry.yarnpkg.com/is-buffer/-/is-buffer-1.1.6.tgz#efaa2ea9daa0d7ab2ea13a97b2b8ad51fefbe8be"
  integrity sha512-NcdALwpXkTm5Zvvbk7owOUSvVvBKDgKP5/ewfXEznmQFfs4ZRmanOeKBTjRVjka3QFoN6XJ+9F3USqfHqTaU5w==

material-design-icons-iconfont@^3.0.3:
  version "3.0.3"
  resolved "https://registry.yarnpkg.com/material-design-icons-iconfont/-/material-design-icons-iconfont-3.0.3.tgz#154a1084047d4e27237fa7f5a37e1075ceea6df2"
  integrity sha1-FUoQhAR9Ticjf6f1o34Qdc7qbfI=

ms@^2.1.1:
  version "2.1.2"
  resolved "https://registry.yarnpkg.com/ms/-/ms-2.1.2.tgz#d09d1f357b443f493382a8eb3ccd183872ae6009"
  integrity sha512-sGkPx+VjMtmA6MX27oA4FBFELFCZZ4S4XqeGOXCv68tT+jb3vk/RyaKWP0PTKyWtmLSM0b+adUTEvbs1PEaH2w==

promise-polyfill@^6.1.0:
  version "6.1.0"
  resolved "https://registry.yarnpkg.com/promise-polyfill/-/promise-polyfill-6.1.0.tgz#dfa96943ea9c121fca4de9b5868cb39d3472e057"
  integrity sha1-36lpQ+qcEh/KTem1hoyznTRy4Fc=

striptags@^2.2.1:
  version "2.2.1"
  resolved "https://registry.yarnpkg.com/striptags/-/striptags-2.2.1.tgz#4c450b708d41b8bf39cf24c49ff234fc6aabfd32"
  integrity sha1-TEULcI1BuL85zyTEn/I0/Gqr/TI=

"tify@github:subugoe/tify":
  version "0.20.5"
  resolved "https://codeload.github.com/subugoe/tify/tar.gz/791603cc7911a5ed387ceb8690796ccd6b3a2f1a"
  dependencies:
    axios "^0.17.1"
    material-design-icons-iconfont "^3.0.3"
    promise-polyfill "^6.1.0"
    striptags "^2.2.1"
    vue "^2.6.10"

vue@^2.6.10:
  version "2.6.10"
  resolved "https://registry.yarnpkg.com/vue/-/vue-2.6.10.tgz#a72b1a42a4d82a721ea438d1b6bf55e66195c637"
  integrity sha512-ImThpeNU9HbdZL3utgMCq0oiMzAkt1mcgy3/E6zWC/G6AaQoeuFdsl9nDhTDU3X1R6FK7nsIUuRACVcjI+A2GQ==
